{
  "name": "connectome",
  "version": "0.0.52",
  "lockfileVersion": 1,
  "requires": true,
  "dependencies": {
    "argparse": {
      "version": "1.0.10",
      "resolved": "https://registry.npmjs.org/argparse/-/argparse-1.0.10.tgz",
      "integrity": "sha512-o5Roy6tNG4SL/FOkCAN6RzjiakZS25RLYFrcMttJqbdd8BWrnA+fGz57iN5Pb06pvBGvl5gQ0B48dJlslXvoTg==",
      "requires": {
        "sprintf-js": "~1.0.2"
      }
    },
    "cambria": {
      "version": "0.1.2",
      "resolved": "https://registry.npmjs.org/cambria/-/cambria-0.1.2.tgz",
      "integrity": "sha512-UYDMyP6O+I/I6uRpT/Du6yBh1haZMF7sNPyZdu7vMeFN3Oi48oKs1r1MZTIciPXZP4I+2NHhwuohTz/CETCGuw==",
      "requires": {
        "commander": "^5.1.0",
        "fast-json-patch": "^3.0.0-1",
        "graphlib": "^2.1.8",
        "js-yaml": "^3.14.0",
        "json-schema": "^0.2.5",
        "to-json-schema": "^0.2.5"
      }
    },
    "colors": {
      "version": "1.4.0",
      "resolved": "https://registry.npmjs.org/colors/-/colors-1.4.0.tgz",
      "integrity": "sha512-a+UqTh4kgZg/SlGvfbzDHpgRu7AAQOmmqRHJnxhRZICKFUT91brVhNNt58CMWU9PsBbv3PDCZUHbVxuDiH2mtA=="
    },
    "commander": {
      "version": "5.1.0",
      "resolved": "https://registry.npmjs.org/commander/-/commander-5.1.0.tgz",
      "integrity": "sha512-P0CysNDQ7rtVw4QIQtm+MRxV66vKFSvlsQvGYXZWR3qFU0jlMKHZZZgw8e+8DSah4UDKMqnknRDQz+xuQXQ/Zg=="
    },
    "esprima": {
      "version": "4.0.1",
      "resolved": "https://registry.npmjs.org/esprima/-/esprima-4.0.1.tgz",
      "integrity": "sha512-eGuFFw7Upda+g4p+QHvnW0RyTX/SVeJBDM/gCtMARO0cLuT2HcEKnTPvhjV6aGeqrCB/sbNop0Kszm0jsaWU4A=="
    },
    "fast-json-patch": {
      "version": "3.0.0-1",
      "resolved": "https://registry.npmjs.org/fast-json-patch/-/fast-json-patch-3.0.0-1.tgz",
      "integrity": "sha512-6pdFb07cknxvPzCeLsFHStEy+MysPJPgZQ9LbQ/2O67unQF93SNqfdSqnPPl71YMHX+AD8gbl7iuoGFzHEdDuw=="
    },
    "graphlib": {
      "version": "2.1.8",
      "resolved": "https://registry.npmjs.org/graphlib/-/graphlib-2.1.8.tgz",
      "integrity": "sha512-jcLLfkpoVGmH7/InMC/1hIvOPSUh38oJtGhvrOFGzioE1DZ+0YW16RgmOJhHiuWTvGiJQ9Z1Ik43JvkRPRvE+A==",
      "requires": {
        "lodash": "^4.17.15"
      }
    },
    "js-yaml": {
      "version": "3.14.0",
      "resolved": "https://registry.npmjs.org/js-yaml/-/js-yaml-3.14.0.tgz",
      "integrity": "sha512-/4IbIeHcD9VMHFqDR/gQ7EdZdLimOvW2DdcxFjdyyZ9NsbS+ccrXqVWDtab/lRl5AlUqmpBx8EhPaWR+OtY17A==",
      "requires": {
        "argparse": "^1.0.7",
        "esprima": "^4.0.0"
      }
    },
    "json-schema": {
      "version": "0.2.5",
      "resolved": "https://registry.npmjs.org/json-schema/-/json-schema-0.2.5.tgz",
      "integrity": "sha512-gWJOWYFrhQ8j7pVm0EM8Slr+EPVq1Phf6lvzvD/WCeqkrx/f2xBI0xOsRRS9xCn3I4vKtP519dvs3TP09r24wQ=="
    },
    "lodash": {
      "version": "4.17.20",
      "resolved": "https://registry.npmjs.org/lodash/-/lodash-4.17.20.tgz",
      "integrity": "sha512-PlhdFcillOINfeV7Ni6oF1TAEayyZBoZ8bcshTHqOYJYlrqzRK5hagpagky5o4HfCzzd1TRkXPMFq6cKk9rGmA=="
    },
    "lodash.isequal": {
      "version": "4.5.0",
      "resolved": "https://registry.npmjs.org/lodash.isequal/-/lodash.isequal-4.5.0.tgz",
      "integrity": "sha1-QVxEePK8wwEgwizhDtMib30+GOA="
    },
    "lodash.keys": {
      "version": "4.2.0",
      "resolved": "https://registry.npmjs.org/lodash.keys/-/lodash.keys-4.2.0.tgz",
      "integrity": "sha1-oIYCrBLk+4P5H8H7ejYKTZujUgU="
    },
    "lodash.merge": {
      "version": "4.6.2",
      "resolved": "https://registry.npmjs.org/lodash.merge/-/lodash.merge-4.6.2.tgz",
      "integrity": "sha512-0KpjqXRVvrYyCsX1swR/XTK0va6VQkQM6MNo7PqW77ByjAhoARA8EfrP1N4+KlKj8YS0ZUCtRT/YUuhyYDujIQ=="
    },
    "lodash.omit": {
      "version": "4.5.0",
      "resolved": "https://registry.npmjs.org/lodash.omit/-/lodash.omit-4.5.0.tgz",
      "integrity": "sha1-brGa5aHuHdnfC5aeZs4Lf6MLXmA="
    },
    "lodash.without": {
      "version": "4.4.0",
      "resolved": "https://registry.npmjs.org/lodash.without/-/lodash.without-4.4.0.tgz",
      "integrity": "sha1-PNRXSgC2e643OpS3SHcmQFB7eqw="
    },
    "lodash.xor": {
      "version": "4.5.0",
      "resolved": "https://registry.npmjs.org/lodash.xor/-/lodash.xor-4.5.0.tgz",
      "integrity": "sha1-TUjtfpgJWwYyWCunFNP/iuj7HbY="
    },
    "quantum-generator": {
      "version": "1.9.1",
      "resolved": "https://registry.npmjs.org/quantum-generator/-/quantum-generator-1.9.1.tgz",
      "integrity": "sha512-ZZPu1C9wx3AN11/lXfeCO+3LhhNVlcYaDi9lJTBulb/rsmNoMOaFKxZn8eBdacG2e73FuD0D6jj1D/SBQv0Miw=="
    },
    "sprintf-js": {
      "version": "1.0.3",
      "resolved": "https://registry.npmjs.org/sprintf-js/-/sprintf-js-1.0.3.tgz",
      "integrity": "sha1-BOaSb2YolTVPPdAVIDYzuFcpfiw="
    },
    "to-json-schema": {
      "version": "0.2.5",
      "resolved": "https://registry.npmjs.org/to-json-schema/-/to-json-schema-0.2.5.tgz",
      "integrity": "sha512-jP1ievOee8pec3tV9ncxLSS48Bnw7DIybgy112rhMCEhf3K4uyVNZZHr03iQQBzbV5v5Hos+dlZRRyk6YSMNDw==",
      "requires": {
        "lodash.isequal": "^4.5.0",
        "lodash.keys": "^4.2.0",
        "lodash.merge": "^4.6.2",
        "lodash.omit": "^4.5.0",
        "lodash.without": "^4.4.0",
        "lodash.xor": "^4.5.0"
      }
    },
    "tweetnacl": {
      "version": "1.0.3",
      "resolved": "https://registry.npmjs.org/tweetnacl/-/tweetnacl-1.0.3.tgz",
      "integrity": "sha512-6rt+RN7aOi1nGMyC4Xa5DdYiukl2UWCbcJft7YhxReBGQD7OAM8Pbxw6YMo4r2diNEA8FEmu32YOn9rhaiE5yw=="
    },
    "tweetnacl-util": {
      "version": "0.15.1",
      "resolved": "https://registry.npmjs.org/tweetnacl-util/-/tweetnacl-util-0.15.1.tgz",
      "integrity": "sha512-RKJBIj8lySrShN4w6i/BonWp2Z/uxwC3h4y7xsRrpP59ZboCd0GpEVsOnMDYLMmKBpYhb5TgHzZXy7wTfYFBRw=="
    },
    "ws": {
      "version": "7.2.3",
      "resolved": "https://registry.npmjs.org/ws/-/ws-7.2.3.tgz",
      "integrity": "sha512-HTDl9G9hbkNDk98naoR/cHDws7+EyYMOdL1BmjsZXRUjf7d+MficC4B7HLUPlSiho0vg+CWKrGIt/VJBd1xunQ=="
    },
    "xstate": {
      "version": "4.13.0",
      "resolved": "https://registry.npmjs.org/xstate/-/xstate-4.13.0.tgz",
      "integrity": "sha512-UnUJJzP2KTPqnmxIoD/ymXtpy/hehZnUlO6EXqWC/72XkPb15p9Oz/X4WhS3QE+by7NP+6b5bCi/GTGFzm5D+A=="
    }
  }
}
